
Microsoft Visual Studio Solution File, Format Version 12.00
# Visual Studio Version 17
VisualStudioVersion = 17.9.34728.123
MinimumVisualStudioVersion = 10.0.40219.1
Project("{FAE04EC0-301F-11D3-BF4B-00C04F79EFBC}") = "Thor", "Thor\Thor.csproj", "{FE73D99C-8749-406F-9A90-87D6AF418CE4}"
EndProject
Global
	GlobalSection(SolutionConfigurationPlatforms) = preSolution
		Debug|Any CPU = Debug|Any CPU
		Release|Any CPU = Release|Any CPU
	EndGlobalSection
	GlobalSection(ProjectConfigurationPlatforms) = postSolution
		{FE73D99C-8749-406F-9A90-87D6AF418CE4}.Debug|Any CPU.ActiveCfg = Debug|Any CPU
		{FE73D99C-8749-406F-9A90-87D6AF418CE4}.Debug|Any CPU.Build.0 = Debug|Any CPU
		{FE73D99C-8749-406F-9A90-87D6AF418CE4}.Release|Any CPU.ActiveCfg = Release|Any CPU
		{FE73D99C-8749-406F-9A90-87D6AF418CE4}.Release|Any CPU.Build.0 = Release|Any CPU
	EndGlobalSection
	GlobalSection(SolutionProperties) = preSolution
		HideSolutionNode = FALSE
	EndGlobalSection
	GlobalSection(ExtensibilityGlobals) = postSolution
		SolutionGuid = {013DCCFD-4D7E-4D7B-B587-AA26F1FDFC61}
	EndGlobalSection
EndGlobal
